
Microsoft Visual Studio Solution File, Format Version 12.00
# Visual Studio 2012
Project("{8BC9CEB8-8B4A-11D0-8D11-00A0C91BC942}") = "gauss", "gauss\gauss.vcxproj", "{A91C8153-13EA-487B-AD95-84B12015943A}"
EndProject
Global
	GlobalSection(SolutionConfigurationPlatforms) = preSolution
		Debug|Win32 = Debug|Win32
		Release|Win32 = Release|Win32
	EndGlobalSection
	GlobalSection(ProjectConfigurationPlatforms) = postSolution
		{A91C8153-13EA-487B-AD95-84B12015943A}.Debug|Win32.ActiveCfg = Debug|Win32
		{A91C8153-13EA-487B-AD95-84B12015943A}.Debug|Win32.Build.0 = Debug|Win32
		{A91C8153-13EA-487B-AD95-84B12015943A}.Release|Win32.ActiveCfg = Release|Win32
		{A91C8153-13EA-487B-AD95-84B12015943A}.Release|Win32.Build.0 = Release|Win32
	EndGlobalSection
	GlobalSection(SolutionProperties) = preSolution
		HideSolutionNode = FALSE
	EndGlobalSection
EndGlobal
